// !$*UTF8*$!
{
	archiveVersion = 1;
	classes = {
	};
	objectVersion = 48;
	objects = {

/* Begin PBXBuildFile section */
		10011F6D21DE99AB00653713 /* AddReviewView.swift in Sources */ = {isa = PBXBuildFile; fileRef = 10011F6C21DE99AB00653713 /* AddReviewView.swift */; };
		10111AC32200F75200B1074F /* Extensions.swift in Sources */ = {isa = PBXBuildFile; fileRef = 10111AC22200F75200B1074F /* Extensions.swift */; };
		105ED61E20BC4E010058C68D /* AppDelegate.swift in Sources */ = {isa = PBXBuildFile; fileRef = 105ED61D20BC4E010058C68D /* AppDelegate.swift */; };
		105ED62020BC4E010058C68D /* CategoriesViewController.swift in Sources */ = {isa = PBXBuildFile; fileRef = 105ED61F20BC4E010058C68D /* CategoriesViewController.swift */; };
		105ED62220BC4E010058C68D /* AddReviewViewController.swift in Sources */ = {isa = PBXBuildFile; fileRef = 105ED62120BC4E010058C68D /* AddReviewViewController.swift */; };
		105ED62720BC4E010058C68D /* Assets.xcassets in Resources */ = {isa = PBXBuildFile; fileRef = 105ED62620BC4E010058C68D /* Assets.xcassets */; };
		105ED62A20BC4E010058C68D /* LaunchScreen.storyboard in Resources */ = {isa = PBXBuildFile; fileRef = 105ED62820BC4E010058C68D /* LaunchScreen.storyboard */; };
		105ED63220BC59250058C68D /* CategoriesModel.swift in Sources */ = {isa = PBXBuildFile; fileRef = 105ED63120BC59250058C68D /* CategoriesModel.swift */; };
		105ED63520BCA8FB0058C68D /* Product.swift in Sources */ = {isa = PBXBuildFile; fileRef = 105ED63420BCA8FB0058C68D /* Product.swift */; };
		105ED63720BDBDC50058C68D /* CategoriesCell.swift in Sources */ = {isa = PBXBuildFile; fileRef = 105ED63620BDBDC50058C68D /* CategoriesCell.swift */; };
		105ED63920C2F8C50058C68D /* ItemViewController.swift in Sources */ = {isa = PBXBuildFile; fileRef = 105ED63820C2F8C50058C68D /* ItemViewController.swift */; };
		107E8C972158059C00BDFE2C /* Reviews in Sources */ = {isa = PBXBuildFile; fileRef = 107E8C962158059C00BDFE2C /* Reviews */; };
		107E8C9921580AD100BDFE2C /* ReviewsViewControllerTableViewController.swift in Sources */ = {isa = PBXBuildFile; fileRef = 107E8C9821580AD100BDFE2C /* ReviewsViewControllerTableViewController.swift */; };
		107E8C9B215ACBF200BDFE2C /* CollectionViewController.swift in Sources */ = {isa = PBXBuildFile; fileRef = 107E8C9A215ACBF200BDFE2C /* CollectionViewController.swift */; };
		107E8C9D215AD43A00BDFE2C /* ReviewCell.swift in Sources */ = {isa = PBXBuildFile; fileRef = 107E8C9C215AD43A00BDFE2C /* ReviewCell.swift */; };
		109BAEF221736F0E00FBCD11 /* HomeViewController.swift in Sources */ = {isa = PBXBuildFile; fileRef = 109BAEF121736F0E00FBCD11 /* HomeViewController.swift */; };
		109BAEF42173757700FBCD11 /* CustomeTabBarController.swift in Sources */ = {isa = PBXBuildFile; fileRef = 109BAEF32173757600FBCD11 /* CustomeTabBarController.swift */; };
		109BAEF6217A44DE00FBCD11 /* GoogleService-Info.plist in Resources */ = {isa = PBXBuildFile; fileRef = 109BAEF5217A44DE00FBCD11 /* GoogleService-Info.plist */; };
		10FC728120C8693700D6244A /* ProductCell.swift in Sources */ = {isa = PBXBuildFile; fileRef = 10FC728020C8693700D6244A /* ProductCell.swift */; };
		10FC728320D3043B00D6244A /* DetailViewController.swift in Sources */ = {isa = PBXBuildFile; fileRef = 10FC728220D3043B00D6244A /* DetailViewController.swift */; };
		10FC728520D3ADB800D6244A /* DetailProductCell.swift in Sources */ = {isa = PBXBuildFile; fileRef = 10FC728420D3ADB800D6244A /* DetailProductCell.swift */; };
		1B9715FA8420007E4286A3A5 /* Pods_Beayty_Addict.framework in Frameworks */ = {isa = PBXBuildFile; fileRef = DB917B81188A0D3F2D154C62 /* Pods_Beayty_Addict.framework */; };
		6E0BA117F440DF7D9AE29254 /* Pods_Beayty_AddictTests.framework in Frameworks */ = {isa = PBXBuildFile; fileRef = B24C09ED7F3FE44CEBF6A5AE /* Pods_Beayty_AddictTests.framework */; };
		9FACA6E621D02E5A00606A50 /* Beayty_AddictTests.swift in Sources */ = {isa = PBXBuildFile; fileRef = 9FACA6E521D02E5A00606A50 /* Beayty_AddictTests.swift */; };
/* End PBXBuildFile section */

/* Begin PBXContainerItemProxy section */
		9FACA6E821D02E5A00606A50 /* PBXContainerItemProxy */ = {
			isa = PBXContainerItemProxy;
			containerPortal = 105ED61220BC4E010058C68D /* Project object */;
			proxyType = 1;
			remoteGlobalIDString = 105ED61920BC4E010058C68D;
			remoteInfo = "Beayty Addict";
		};
/* End PBXContainerItemProxy section */

/* Begin PBXFileReference section */
		10011F6C21DE99AB00653713 /* AddReviewView.swift */ = {isa = PBXFileReference; lastKnownFileType = sourcecode.swift; path = AddReviewView.swift; sourceTree = "<group>"; };
		10111AC22200F75200B1074F /* Extensions.swift */ = {isa = PBXFileReference; lastKnownFileType = sourcecode.swift; path = Extensions.swift; sourceTree = "<group>"; };
		105ED61A20BC4E010058C68D /* Beayty Addict.app */ = {isa = PBXFileReference; explicitFileType = wrapper.application; includeInIndex = 0; path = "Beayty Addict.app"; sourceTree = BUILT_PRODUCTS_DIR; };
		105ED61D20BC4E010058C68D /* AppDelegate.swift */ = {isa = PBXFileReference; lastKnownFileType = sourcecode.swift; path = AppDelegate.swift; sourceTree = "<group>"; };
		105ED61F20BC4E010058C68D /* CategoriesViewController.swift */ = {isa = PBXFileReference; lastKnownFileType = sourcecode.swift; path = CategoriesViewController.swift; sourceTree = "<group>"; };
		105ED62120BC4E010058C68D /* AddReviewViewController.swift */ = {isa = PBXFileReference; lastKnownFileType = sourcecode.swift; path = AddReviewViewController.swift; sourceTree = "<group>"; };
		105ED62620BC4E010058C68D /* Assets.xcassets */ = {isa = PBXFileReference; lastKnownFileType = folder.assetcatalog; path = Assets.xcassets; sourceTree = "<group>"; };
		105ED62920BC4E010058C68D /* Base */ = {isa = PBXFileReference; lastKnownFileType = file.storyboard; name = Base; path = Base.lproj/LaunchScreen.storyboard; sourceTree = "<group>"; };
		105ED62B20BC4E010058C68D /* Info.plist */ = {isa = PBXFileReference; lastKnownFileType = text.plist.xml; path = Info.plist; sourceTree = "<group>"; };
		105ED63120BC59250058C68D /* CategoriesModel.swift */ = {isa = PBXFileReference; lastKnownFileType = sourcecode.swift; path = CategoriesModel.swift; sourceTree = "<group>"; };
		105ED63420BCA8FB0058C68D /* Product.swift */ = {isa = PBXFileReference; lastKnownFileType = sourcecode.swift; path = Product.swift; sourceTree = "<group>"; };
		105ED63620BDBDC50058C68D /* CategoriesCell.swift */ = {isa = PBXFileReference; lastKnownFileType = sourcecode.swift; path = CategoriesCell.swift; sourceTree = "<group>"; };
		105ED63820C2F8C50058C68D /* ItemViewController.swift */ = {isa = PBXFileReference; lastKnownFileType = sourcecode.swift; path = ItemViewController.swift; sourceTree = "<group>"; };
		107E8C962158059C00BDFE2C /* Reviews */ = {isa = PBXFileReference; lastKnownFileType = text; path = Reviews; sourceTree = "<group>"; };
		107E8C9821580AD100BDFE2C /* ReviewsViewControllerTableViewController.swift */ = {isa = PBXFileReference; lastKnownFileType = sourcecode.swift; path = ReviewsViewControllerTableViewController.swift; sourceTree = "<group>"; };
		107E8C9A215ACBF200BDFE2C /* CollectionViewController.swift */ = {isa = PBXFileReference; lastKnownFileType = sourcecode.swift; path = CollectionViewController.swift; sourceTree = "<group>"; };
		107E8C9C215AD43A00BDFE2C /* ReviewCell.swift */ = {isa = PBXFileReference; lastKnownFileType = sourcecode.swift; path = ReviewCell.swift; sourceTree = "<group>"; };
		109BAEF121736F0E00FBCD11 /* HomeViewController.swift */ = {isa = PBXFileReference; lastKnownFileType = sourcecode.swift; path = HomeViewController.swift; sourceTree = "<group>"; };
		109BAEF32173757600FBCD11 /* CustomeTabBarController.swift */ = {isa = PBXFileReference; lastKnownFileType = sourcecode.swift; path = CustomeTabBarController.swift; sourceTree = "<group>"; };
		109BAEF5217A44DE00FBCD11 /* GoogleService-Info.plist */ = {isa = PBXFileReference; fileEncoding = 4; lastKnownFileType = text.plist.xml; path = "GoogleService-Info.plist"; sourceTree = "<group>"; };
		10FC728020C8693700D6244A /* ProductCell.swift */ = {isa = PBXFileReference; lastKnownFileType = sourcecode.swift; path = ProductCell.swift; sourceTree = "<group>"; };
		10FC728220D3043B00D6244A /* DetailViewController.swift */ = {isa = PBXFileReference; lastKnownFileType = sourcecode.swift; path = DetailViewController.swift; sourceTree = "<group>"; };
		10FC728420D3ADB800D6244A /* DetailProductCell.swift */ = {isa = PBXFileReference; lastKnownFileType = sourcecode.swift; path = DetailProductCell.swift; sourceTree = "<group>"; };
		37FAED4600C4D8380CD48516 /* Pods-Beayty Addict.release.xcconfig */ = {isa = PBXFileReference; includeInIndex = 1; lastKnownFileType = text.xcconfig; name = "Pods-Beayty Addict.release.xcconfig"; path = "Pods/Target Support Files/Pods-Beayty Addict/Pods-Beayty Addict.release.xcconfig"; sourceTree = "<group>"; };
		51F75B2120B519082F9F4B4D /* Pods-Beayty AddictTests.debug.xcconfig */ = {isa = PBXFileReference; includeInIndex = 1; lastKnownFileType = text.xcconfig; name = "Pods-Beayty AddictTests.debug.xcconfig"; path = "Pods/Target Support Files/Pods-Beayty AddictTests/Pods-Beayty AddictTests.debug.xcconfig"; sourceTree = "<group>"; };
		749556322E657398602AFB16 /* Pods-Beayty Addict.debug.xcconfig */ = {isa = PBXFileReference; includeInIndex = 1; lastKnownFileType = text.xcconfig; name = "Pods-Beayty Addict.debug.xcconfig"; path = "Pods/Target Support Files/Pods-Beayty Addict/Pods-Beayty Addict.debug.xcconfig"; sourceTree = "<group>"; };
		9FACA6E321D02E5A00606A50 /* Beayty AddictTests.xctest */ = {isa = PBXFileReference; explicitFileType = wrapper.cfbundle; includeInIndex = 0; path = "Beayty AddictTests.xctest"; sourceTree = BUILT_PRODUCTS_DIR; };
		9FACA6E521D02E5A00606A50 /* Beayty_AddictTests.swift */ = {isa = PBXFileReference; lastKnownFileType = sourcecode.swift; path = Beayty_AddictTests.swift; sourceTree = "<group>"; };
		9FACA6E721D02E5A00606A50 /* Info.plist */ = {isa = PBXFileReference; lastKnownFileType = text.plist.xml; path = Info.plist; sourceTree = "<group>"; };
		B24C09ED7F3FE44CEBF6A5AE /* Pods_Beayty_AddictTests.framework */ = {isa = PBXFileReference; explicitFileType = wrapper.framework; includeInIndex = 0; path = Pods_Beayty_AddictTests.framework; sourceTree = BUILT_PRODUCTS_DIR; };
		BA4394991B5BE752B8F00219 /* Pods-Beayty AddictTests.release.xcconfig */ = {isa = PBXFileReference; includeInIndex = 1; lastKnownFileType = text.xcconfig; name = "Pods-Beayty AddictTests.release.xcconfig"; path = "Pods/Target Support Files/Pods-Beayty AddictTests/Pods-Beayty AddictTests.release.xcconfig"; sourceTree = "<group>"; };
		DB917B81188A0D3F2D154C62 /* Pods_Beayty_Addict.framework */ = {isa = PBXFileReference; explicitFileType = wrapper.framework; includeInIndex = 0; path = Pods_Beayty_Addict.framework; sourceTree = BUILT_PRODUCTS_DIR; };
/* End PBXFileReference section */

/* Begin PBXFrameworksBuildPhase section */
		105ED61720BC4E010058C68D /* Frameworks */ = {
			isa = PBXFrameworksBuildPhase;
			buildActionMask = 2147483647;
			files = (
				1B9715FA8420007E4286A3A5 /* Pods_Beayty_Addict.framework in Frameworks */,
			);
			runOnlyForDeploymentPostprocessing = 0;
		};
		9FACA6E021D02E5A00606A50 /* Frameworks */ = {
			isa = PBXFrameworksBuildPhase;
			buildActionMask = 2147483647;
			files = (
				6E0BA117F440DF7D9AE29254 /* Pods_Beayty_AddictTests.framework in Frameworks */,
			);
			runOnlyForDeploymentPostprocessing = 0;
		};
/* End PBXFrameworksBuildPhase section */

/* Begin PBXGroup section */
		07D489B26A36223FC91FFD27 /* Pods */ = {
			isa = PBXGroup;
			children = (
				749556322E657398602AFB16 /* Pods-Beayty Addict.debug.xcconfig */,
				37FAED4600C4D8380CD48516 /* Pods-Beayty Addict.release.xcconfig */,
				51F75B2120B519082F9F4B4D /* Pods-Beayty AddictTests.debug.xcconfig */,
				BA4394991B5BE752B8F00219 /* Pods-Beayty AddictTests.release.xcconfig */,
			);
			name = Pods;
			sourceTree = "<group>";
		};
		10111AC12200F72500B1074F /* Helpers */ = {
			isa = PBXGroup;
			children = (
				10111AC22200F75200B1074F /* Extensions.swift */,
			);
			path = Helpers;
			sourceTree = "<group>";
		};
		1046A08021204B29006CA6F5 /* Controllers */ = {
			isa = PBXGroup;
			children = (
				109BAEF32173757600FBCD11 /* CustomeTabBarController.swift */,
				109BAEF121736F0E00FBCD11 /* HomeViewController.swift */,
				105ED61F20BC4E010058C68D /* CategoriesViewController.swift */,
				105ED63820C2F8C50058C68D /* ItemViewController.swift */,
				10FC728220D3043B00D6244A /* DetailViewController.swift */,
				107E8C9821580AD100BDFE2C /* ReviewsViewControllerTableViewController.swift */,
				105ED62120BC4E010058C68D /* AddReviewViewController.swift */,
			);
			path = Controllers;
			sourceTree = "<group>";
		};
		105ED61120BC4E010058C68D = {
			isa = PBXGroup;
			children = (
				105ED61C20BC4E010058C68D /* Beayty Addict */,
				9FACA6E421D02E5A00606A50 /* Beayty AddictTests */,
				105ED61B20BC4E010058C68D /* Products */,
				107E8C962158059C00BDFE2C /* Reviews */,
				107E8C9A215ACBF200BDFE2C /* CollectionViewController.swift */,
				D89F55C8A3614BFD7E01C2AD /* Frameworks */,
				07D489B26A36223FC91FFD27 /* Pods */,
			);
			sourceTree = "<group>";
		};
		105ED61B20BC4E010058C68D /* Products */ = {
			isa = PBXGroup;
			children = (
				105ED61A20BC4E010058C68D /* Beayty Addict.app */,
				9FACA6E321D02E5A00606A50 /* Beayty AddictTests.xctest */,
			);
			name = Products;
			sourceTree = "<group>";
		};
		105ED61C20BC4E010058C68D /* Beayty Addict */ = {
			isa = PBXGroup;
			children = (
				105ED61D20BC4E010058C68D /* AppDelegate.swift */,
				10111AC12200F72500B1074F /* Helpers */,
				105ED63320BCA8BF0058C68D /* Model */,
				1046A08021204B29006CA6F5 /* Controllers */,
				10FC727F20C8690200D6244A /* Views */,
				105ED62620BC4E010058C68D /* Assets.xcassets */,
				105ED62820BC4E010058C68D /* LaunchScreen.storyboard */,
				10FC728420D3ADB800D6244A /* DetailProductCell.swift */,
				105ED62B20BC4E010058C68D /* Info.plist */,
				109BAEF5217A44DE00FBCD11 /* GoogleService-Info.plist */,
			);
			path = "Beayty Addict";
			sourceTree = "<group>";
		};
		105ED63320BCA8BF0058C68D /* Model */ = {
			isa = PBXGroup;
			children = (
				105ED63120BC59250058C68D /* CategoriesModel.swift */,
				105ED63420BCA8FB0058C68D /* Product.swift */,
			);
			path = Model;
			sourceTree = "<group>";
		};
		10FC727F20C8690200D6244A /* Views */ = {
			isa = PBXGroup;
			children = (
				105ED63620BDBDC50058C68D /* CategoriesCell.swift */,
				10FC728020C8693700D6244A /* ProductCell.swift */,
				107E8C9C215AD43A00BDFE2C /* ReviewCell.swift */,
				10011F6C21DE99AB00653713 /* AddReviewView.swift */,
			);
			path = Views;
			sourceTree = "<group>";
		};
		9FACA6E421D02E5A00606A50 /* Beayty AddictTests */ = {
			isa = PBXGroup;
			children = (
				9FACA6E521D02E5A00606A50 /* Beayty_AddictTests.swift */,
				9FACA6E721D02E5A00606A50 /* Info.plist */,
			);
			path = "Beayty AddictTests";
			sourceTree = "<group>";
		};
		D89F55C8A3614BFD7E01C2AD /* Frameworks */ = {
			isa = PBXGroup;
			children = (
				DB917B81188A0D3F2D154C62 /* Pods_Beayty_Addict.framework */,
				B24C09ED7F3FE44CEBF6A5AE /* Pods_Beayty_AddictTests.framework */,
			);
			name = Frameworks;
			sourceTree = "<group>";
		};
/* End PBXGroup section */

/* Begin PBXNativeTarget section */
		105ED61920BC4E010058C68D /* Beayty Addict */ = {
			isa = PBXNativeTarget;
			buildConfigurationList = 105ED62E20BC4E010058C68D /* Build configuration list for PBXNativeTarget "Beayty Addict" */;
			buildPhases = (
				77F2DDE24E3E3817C1E08D3E /* [CP] Check Pods Manifest.lock */,
				105ED61620BC4E010058C68D /* Sources */,
				105ED61720BC4E010058C68D /* Frameworks */,
				105ED61820BC4E010058C68D /* Resources */,
				AC9EF6BCC09AD79C037D96B7 /* [CP] Embed Pods Frameworks */,
			);
			buildRules = (
			);
			dependencies = (
			);
			name = "Beayty Addict";
			productName = "Beayty Addict";
			productReference = 105ED61A20BC4E010058C68D /* Beayty Addict.app */;
			productType = "com.apple.product-type.application";
		};
		9FACA6E221D02E5A00606A50 /* Beayty AddictTests */ = {
			isa = PBXNativeTarget;
			buildConfigurationList = 9FACA6EA21D02E5A00606A50 /* Build configuration list for PBXNativeTarget "Beayty AddictTests" */;
			buildPhases = (
				101A61BB26CF004545C6C131 /* [CP] Check Pods Manifest.lock */,
				9FACA6DF21D02E5A00606A50 /* Sources */,
				9FACA6E021D02E5A00606A50 /* Frameworks */,
				9FACA6E121D02E5A00606A50 /* Resources */,
			);
			buildRules = (
			);
			dependencies = (
				9FACA6E921D02E5A00606A50 /* PBXTargetDependency */,
			);
			name = "Beayty AddictTests";
			productName = "Beayty AddictTests";
			productReference = 9FACA6E321D02E5A00606A50 /* Beayty AddictTests.xctest */;
			productType = "com.apple.product-type.bundle.unit-test";
		};
/* End PBXNativeTarget section */

/* Begin PBXProject section */
		105ED61220BC4E010058C68D /* Project object */ = {
			isa = PBXProject;
			attributes = {
				LastSwiftUpdateCheck = 1010;
				LastUpgradeCheck = 1000;
				ORGANIZATIONNAME = Dany;
				TargetAttributes = {
					105ED61920BC4E010058C68D = {
						CreatedOnToolsVersion = 9.1;
						ProvisioningStyle = Automatic;
					};
					9FACA6E221D02E5A00606A50 = {
						CreatedOnToolsVersion = 10.1;
						ProvisioningStyle = Automatic;
						TestTargetID = 105ED61920BC4E010058C68D;
					};
				};
			};
			buildConfigurationList = 105ED61520BC4E010058C68D /* Build configuration list for PBXProject "Beayty Addict" */;
			compatibilityVersion = "Xcode 8.0";
			developmentRegion = en;
			hasScannedForEncodings = 0;
			knownRegions = (
				en,
				Base,
			);
			mainGroup = 105ED61120BC4E010058C68D;
			productRefGroup = 105ED61B20BC4E010058C68D /* Products */;
			projectDirPath = "";
			projectRoot = "";
			targets = (
				105ED61920BC4E010058C68D /* Beayty Addict */,
				9FACA6E221D02E5A00606A50 /* Beayty AddictTests */,
			);
		};
/* End PBXProject section */

/* Begin PBXResourcesBuildPhase section */
		105ED61820BC4E010058C68D /* Resources */ = {
			isa = PBXResourcesBuildPhase;
			buildActionMask = 2147483647;
			files = (
				105ED62A20BC4E010058C68D /* LaunchScreen.storyboard in Resources */,
				105ED62720BC4E010058C68D /* Assets.xcassets in Resources */,
				109BAEF6217A44DE00FBCD11 /* GoogleService-Info.plist in Resources */,
			);
			runOnlyForDeploymentPostprocessing = 0;
		};
		9FACA6E121D02E5A00606A50 /* Resources */ = {
			isa = PBXResourcesBuildPhase;
			buildActionMask = 2147483647;
			files = (
			);
			runOnlyForDeploymentPostprocessing = 0;
		};
/* End PBXResourcesBuildPhase section */

/* Begin PBXShellScriptBuildPhase section */
		101A61BB26CF004545C6C131 /* [CP] Check Pods Manifest.lock */ = {
			isa = PBXShellScriptBuildPhase;
			buildActionMask = 2147483647;
			files = (
			);
			inputPaths = (
				"${PODS_PODFILE_DIR_PATH}/Podfile.lock",
				"${PODS_ROOT}/Manifest.lock",
			);
			name = "[CP] Check Pods Manifest.lock";
			outputPaths = (
				"$(DERIVED_FILE_DIR)/Pods-Beayty AddictTests-checkManifestLockResult.txt",
			);
			runOnlyForDeploymentPostprocessing = 0;
			shellPath = /bin/sh;
			shellScript = "diff \"${PODS_PODFILE_DIR_PATH}/Podfile.lock\" \"${PODS_ROOT}/Manifest.lock\" > /dev/null\nif [ $? != 0 ] ; then\n    # print error to STDERR\n    echo \"error: The sandbox is not in sync with the Podfile.lock. Run 'pod install' or update your CocoaPods installation.\" >&2\n    exit 1\nfi\n# This output is used by Xcode 'outputs' to avoid re-running this script phase.\necho \"SUCCESS\" > \"${SCRIPT_OUTPUT_FILE_0}\"\n";
			showEnvVarsInLog = 0;
		};
		77F2DDE24E3E3817C1E08D3E /* [CP] Check Pods Manifest.lock */ = {
			isa = PBXShellScriptBuildPhase;
			buildActionMask = 2147483647;
			files = (
			);
			inputPaths = (
				"${PODS_PODFILE_DIR_PATH}/Podfile.lock",
				"${PODS_ROOT}/Manifest.lock",
			);
			name = "[CP] Check Pods Manifest.lock";
			outputPaths = (
				"$(DERIVED_FILE_DIR)/Pods-Beayty Addict-checkManifestLockResult.txt",
			);
			runOnlyForDeploymentPostprocessing = 0;
			shellPath = /bin/sh;
			shellScript = "diff \"${PODS_PODFILE_DIR_PATH}/Podfile.lock\" \"${PODS_ROOT}/Manifest.lock\" > /dev/null\nif [ $? != 0 ] ; then\n    # print error to STDERR\n    echo \"error: The sandbox is not in sync with the Podfile.lock. Run 'pod install' or update your CocoaPods installation.\" >&2\n    exit 1\nfi\n# This output is used by Xcode 'outputs' to avoid re-running this script phase.\necho \"SUCCESS\" > \"${SCRIPT_OUTPUT_FILE_0}\"\n";
			showEnvVarsInLog = 0;
		};
		AC9EF6BCC09AD79C037D96B7 /* [CP] Embed Pods Frameworks */ = {
			isa = PBXShellScriptBuildPhase;
			buildActionMask = 2147483647;
			files = (
			);
			inputPaths = (
				"${SRCROOT}/Pods/Target Support Files/Pods-Beayty Addict/Pods-Beayty Addict-frameworks.sh",
				"${BUILT_PRODUCTS_DIR}/ChameleonFramework/ChameleonFramework.framework",
				"${BUILT_PRODUCTS_DIR}/Cosmos/Cosmos.framework",
				"${BUILT_PRODUCTS_DIR}/GTMSessionFetcher/GTMSessionFetcher.framework",
				"${BUILT_PRODUCTS_DIR}/GoogleUtilities/GoogleUtilities.framework",
				"${BUILT_PRODUCTS_DIR}/SVProgressHUD/SVProgressHUD.framework",
				"${BUILT_PRODUCTS_DIR}/TinyConstraints/TinyConstraints.framework",
				"${BUILT_PRODUCTS_DIR}/leveldb-library/leveldb.framework",
				"${BUILT_PRODUCTS_DIR}/nanopb/nanopb.framework",
			);
			name = "[CP] Embed Pods Frameworks";
			outputPaths = (
				"${TARGET_BUILD_DIR}/${FRAMEWORKS_FOLDER_PATH}/ChameleonFramework.framework",
				"${TARGET_BUILD_DIR}/${FRAMEWORKS_FOLDER_PATH}/Cosmos.framework",
				"${TARGET_BUILD_DIR}/${FRAMEWORKS_FOLDER_PATH}/GTMSessionFetcher.framework",
				"${TARGET_BUILD_DIR}/${FRAMEWORKS_FOLDER_PATH}/GoogleUtilities.framework",
				"${TARGET_BUILD_DIR}/${FRAMEWORKS_FOLDER_PATH}/SVProgressHUD.framework",
				"${TARGET_BUILD_DIR}/${FRAMEWORKS_FOLDER_PATH}/TinyConstraints.framework",
				"${TARGET_BUILD_DIR}/${FRAMEWORKS_FOLDER_PATH}/leveldb.framework",
				"${TARGET_BUILD_DIR}/${FRAMEWORKS_FOLDER_PATH}/nanopb.framework",
			);
			runOnlyForDeploymentPostprocessing = 0;
			shellPath = /bin/sh;
			shellScript = "\"${SRCROOT}/Pods/Target Support Files/Pods-Beayty Addict/Pods-Beayty Addict-frameworks.sh\"\n";
			showEnvVarsInLog = 0;
		};
/* End PBXShellScriptBuildPhase section */

/* Begin PBXSourcesBuildPhase section */
		105ED61620BC4E010058C68D /* Sources */ = {
			isa = PBXSourcesBuildPhase;
			buildActionMask = 2147483647;
			files = (
				107E8C9B215ACBF200BDFE2C /* CollectionViewController.swift in Sources */,
				10111AC32200F75200B1074F /* Extensions.swift in Sources */,
				107E8C9921580AD100BDFE2C /* ReviewsViewControllerTableViewController.swift in Sources */,
				10FC728320D3043B00D6244A /* DetailViewController.swift in Sources */,
				105ED63920C2F8C50058C68D /* ItemViewController.swift in Sources */,
				105ED62220BC4E010058C68D /* AddReviewViewController.swift in Sources */,
				109BAEF221736F0E00FBCD11 /* HomeViewController.swift in Sources */,
				10011F6D21DE99AB00653713 /* AddReviewView.swift in Sources */,
				105ED63520BCA8FB0058C68D /* Product.swift in Sources */,
				105ED61E20BC4E010058C68D /* AppDelegate.swift in Sources */,
				109BAEF42173757700FBCD11 /* CustomeTabBarController.swift in Sources */,
				105ED63720BDBDC50058C68D /* CategoriesCell.swift in Sources */,
				10FC728520D3ADB800D6244A /* DetailProductCell.swift in Sources */,
				10FC728120C8693700D6244A /* ProductCell.swift in Sources */,
				105ED62020BC4E010058C68D /* CategoriesViewController.swift in Sources */,
				105ED63220BC59250058C68D /* CategoriesModel.swift in Sources */,
				107E8C972158059C00BDFE2C /* Reviews in Sources */,
				107E8C9D215AD43A00BDFE2C /* ReviewCell.swift in Sources */,
			);
			runOnlyForDeploymentPostprocessing = 0;
		};
		9FACA6DF21D02E5A00606A50 /* Sources */ = {
			isa = PBXSourcesBuildPhase;
			buildActionMask = 2147483647;
			files = (
				9FACA6E621D02E5A00606A50 /* Beayty_AddictTests.swift in Sources */,
			);
			runOnlyForDeploymentPostprocessing = 0;
		};
/* End PBXSourcesBuildPhase section */

/* Begin PBXTargetDependency section */
		9FACA6E921D02E5A00606A50 /* PBXTargetDependency */ = {
			isa = PBXTargetDependency;
			target = 105ED61920BC4E010058C68D /* Beayty Addict */;
			targetProxy = 9FACA6E821D02E5A00606A50 /* PBXContainerItemProxy */;
		};
/* End PBXTargetDependency section */

/* Begin PBXVariantGroup section */
		105ED62820BC4E010058C68D /* LaunchScreen.storyboard */ = {
			isa = PBXVariantGroup;
			children = (
				105ED62920BC4E010058C68D /* Base */,
			);
			name = LaunchScreen.storyboard;
			sourceTree = "<group>";
		};
/* End PBXVariantGroup section */

/* Begin XCBuildConfiguration section */
		105ED62C20BC4E010058C68D /* Debug */ = {
			isa = XCBuildConfiguration;
			buildSettings = {
				ALWAYS_SEARCH_USER_PATHS = NO;
				CLANG_ANALYZER_NONNULL = YES;
				CLANG_ANALYZER_NUMBER_OBJECT_CONVERSION = YES_AGGRESSIVE;
				CLANG_CXX_LANGUAGE_STANDARD = "gnu++14";
				CLANG_CXX_LIBRARY = "libc++";
				CLANG_ENABLE_MODULES = YES;
				CLANG_ENABLE_OBJC_ARC = YES;
				CLANG_WARN_BLOCK_CAPTURE_AUTORELEASING = YES;
				CLANG_WARN_BOOL_CONVERSION = YES;
				CLANG_WARN_COMMA = YES;
				CLANG_WARN_CONSTANT_CONVERSION = YES;
				CLANG_WARN_DEPRECATED_OBJC_IMPLEMENTATIONS = YES;
				CLANG_WARN_DIRECT_OBJC_ISA_USAGE = YES_ERROR;
				CLANG_WARN_DOCUMENTATION_COMMENTS = YES;
				CLANG_WARN_EMPTY_BODY = YES;
				CLANG_WARN_ENUM_CONVERSION = YES;
				CLANG_WARN_INFINITE_RECURSION = YES;
				CLANG_WARN_INT_CONVERSION = YES;
				CLANG_WARN_NON_LITERAL_NULL_CONVERSION = YES;
				CLANG_WARN_OBJC_IMPLICIT_RETAIN_SELF = YES;
				CLANG_WARN_OBJC_LITERAL_CONVERSION = YES;
				CLANG_WARN_OBJC_ROOT_CLASS = YES_ERROR;
				CLANG_WARN_RANGE_LOOP_ANALYSIS = YES;
				CLANG_WARN_STRICT_PROTOTYPES = YES;
				CLANG_WARN_SUSPICIOUS_MOVE = YES;
				CLANG_WARN_UNGUARDED_AVAILABILITY = YES_AGGRESSIVE;
				CLANG_WARN_UNREACHABLE_CODE = YES;
				CLANG_WARN__DUPLICATE_METHOD_MATCH = YES;
				CODE_SIGN_IDENTITY = "iPhone Developer";
				COPY_PHASE_STRIP = NO;
				DEBUG_INFORMATION_FORMAT = dwarf;
				ENABLE_STRICT_OBJC_MSGSEND = YES;
				ENABLE_TESTABILITY = YES;
				GCC_C_LANGUAGE_STANDARD = gnu11;
				GCC_DYNAMIC_NO_PIC = NO;
				GCC_NO_COMMON_BLOCKS = YES;
				GCC_OPTIMIZATION_LEVEL = 0;
				GCC_PREPROCESSOR_DEFINITIONS = (
					"DEBUG=1",
					"$(inherited)",
				);
				GCC_WARN_64_TO_32_BIT_CONVERSION = YES;
				GCC_WARN_ABOUT_RETURN_TYPE = YES_ERROR;
				GCC_WARN_UNDECLARED_SELECTOR = YES;
				GCC_WARN_UNINITIALIZED_AUTOS = YES_AGGRESSIVE;
				GCC_WARN_UNUSED_FUNCTION = YES;
				GCC_WARN_UNUSED_VARIABLE = YES;
				IPHONEOS_DEPLOYMENT_TARGET = 11.1;
				MTL_ENABLE_DEBUG_INFO = YES;
				ONLY_ACTIVE_ARCH = YES;
				SDKROOT = iphoneos;
				SWIFT_ACTIVE_COMPILATION_CONDITIONS = DEBUG;
				SWIFT_OPTIMIZATION_LEVEL = "-Onone";
			};
			name = Debug;
		};
		105ED62D20BC4E010058C68D /* Release */ = {
			isa = XCBuildConfiguration;
			buildSettings = {
				ALWAYS_SEARCH_USER_PATHS = NO;
				CLANG_ANALYZER_NONNULL = YES;
				CLANG_ANALYZER_NUMBER_OBJECT_CONVERSION = YES_AGGRESSIVE;
				CLANG_CXX_LANGUAGE_STANDARD = "gnu++14";
				CLANG_CXX_LIBRARY = "libc++";
				CLANG_ENABLE_MODULES = YES;
				CLANG_ENABLE_OBJC_ARC = YES;
				CLANG_WARN_BLOCK_CAPTURE_AUTORELEASING = YES;
				CLANG_WARN_BOOL_CONVERSION = YES;
				CLANG_WARN_COMMA = YES;
				CLANG_WARN_CONSTANT_CONVERSION = YES;
				CLANG_WARN_DEPRECATED_OBJC_IMPLEMENTATIONS = YES;
				CLANG_WARN_DIRECT_OBJC_ISA_USAGE = YES_ERROR;
				CLANG_WARN_DOCUMENTATION_COMMENTS = YES;
				CLANG_WARN_EMPTY_BODY = YES;
				CLANG_WARN_ENUM_CONVERSION = YES;
				CLANG_WARN_INFINITE_RECURSION = YES;
				CLANG_WARN_INT_CONVERSION = YES;
				CLANG_WARN_NON_LITERAL_NULL_CONVERSION = YES;
				CLANG_WARN_OBJC_IMPLICIT_RETAIN_SELF = YES;
				CLANG_WARN_OBJC_LITERAL_CONVERSION = YES;
				CLANG_WARN_OBJC_ROOT_CLASS = YES_ERROR;
				CLANG_WARN_RANGE_LOOP_ANALYSIS = YES;
				CLANG_WARN_STRICT_PROTOTYPES = YES;
				CLANG_WARN_SUSPICIOUS_MOVE = YES;
				CLANG_WARN_UNGUARDED_AVAILABILITY = YES_AGGRESSIVE;
				CLANG_WARN_UNREACHABLE_CODE = YES;
				CLANG_WARN__DUPLICATE_METHOD_MATCH = YES;
				CODE_SIGN_IDENTITY = "iPhone Developer";
				COPY_PHASE_STRIP = NO;
				DEBUG_INFORMATION_FORMAT = "dwarf-with-dsym";
				ENABLE_NS_ASSERTIONS = NO;
				ENABLE_STRICT_OBJC_MSGSEND = YES;
				GCC_C_LANGUAGE_STANDARD = gnu11;
				GCC_NO_COMMON_BLOCKS = YES;
				GCC_WARN_64_TO_32_BIT_CONVERSION = YES;
				GCC_WARN_ABOUT_RETURN_TYPE = YES_ERROR;
				GCC_WARN_UNDECLARED_SELECTOR = YES;
				GCC_WARN_UNINITIALIZED_AUTOS = YES_AGGRESSIVE;
				GCC_WARN_UNUSED_FUNCTION = YES;
				GCC_WARN_UNUSED_VARIABLE = YES;
				IPHONEOS_DEPLOYMENT_TARGET = 11.1;
				MTL_ENABLE_DEBUG_INFO = NO;
				SDKROOT = iphoneos;
				SWIFT_OPTIMIZATION_LEVEL = "-Owholemodule";
				VALIDATE_PRODUCT = YES;
			};
			name = Release;
		};
		105ED62F20BC4E010058C68D /* Debug */ = {
			isa = XCBuildConfiguration;
			baseConfigurationReference = 749556322E657398602AFB16 /* Pods-Beayty Addict.debug.xcconfig */;
			buildSettings = {
				ASSETCATALOG_COMPILER_APPICON_NAME = AppIcon;
				CODE_SIGN_STYLE = Automatic;
				INFOPLIST_FILE = "Beayty Addict/Info.plist";
				LD_RUNPATH_SEARCH_PATHS = "$(inherited) @executable_path/Frameworks";
				PRODUCT_BUNDLE_IDENTIFIER = "com.dany.Beayty-Addict";
				PRODUCT_NAME = "$(TARGET_NAME)";
				SWIFT_VERSION = 4.0;
				TARGETED_DEVICE_FAMILY = "1,2";
			};
			name = Debug;
		};
		105ED63020BC4E010058C68D /* Release */ = {
			isa = XCBuildConfiguration;
			baseConfigurationReference = 37FAED4600C4D8380CD48516 /* Pods-Beayty Addict.release.xcconfig */;
			buildSettings = {
				ASSETCATALOG_COMPILER_APPICON_NAME = AppIcon;
				CODE_SIGN_STYLE = Automatic;
				INFOPLIST_FILE = "Beayty Addict/Info.plist";
				LD_RUNPATH_SEARCH_PATHS = "$(inherited) @executable_path/Frameworks";
				PRODUCT_BUNDLE_IDENTIFIER = "com.dany.Beayty-Addict";
				PRODUCT_NAME = "$(TARGET_NAME)";
				SWIFT_VERSION = 4.0;
				TARGETED_DEVICE_FAMILY = "1,2";
			};
			name = Release;
		};
		9FACA6EB21D02E5A00606A50 /* Debug */ = {
			isa = XCBuildConfiguration;
			baseConfigurationReference = 51F75B2120B519082F9F4B4D /* Pods-Beayty AddictTests.debug.xcconfig */;
			buildSettings = {
				BUNDLE_LOADER = "$(TEST_HOST)";
				CLANG_ENABLE_OBJC_WEAK = YES;
				CODE_SIGN_STYLE = Automatic;
				INFOPLIST_FILE = "Beayty AddictTests/Info.plist";
				IPHONEOS_DEPLOYMENT_TARGET = 12.1;
				LD_RUNPATH_SEARCH_PATHS = "$(inherited) @executable_path/Frameworks @loader_path/Frameworks";
				MTL_ENABLE_DEBUG_INFO = INCLUDE_SOURCE;
				MTL_FAST_MATH = YES;
				PRODUCT_BUNDLE_IDENTIFIER = "com.dany.Beayty-AddictTests";
				PRODUCT_NAME = "$(TARGET_NAME)";
				SWIFT_VERSION = 4.2;
				TARGETED_DEVICE_FAMILY = "1,2";
				TEST_HOST = "$(BUILT_PRODUCTS_DIR)/Beayty Addict.app/Beayty Addict";
			};
			name = Debug;
		};
		9FACA6EC21D02E5A00606A50 /* Release */ = {
			isa = XCBuildConfiguration;
			baseConfigurationReference = BA4394991B5BE752B8F00219 /* Pods-Beayty AddictTests.release.xcconfig */;
			buildSettings = {
				BUNDLE_LOADER = "$(TEST_HOST)";
				CLANG_ENABLE_OBJC_WEAK = YES;
				CODE_SIGN_STYLE = Automatic;
				INFOPLIST_FILE = "Beayty AddictTests/Info.plist";
				IPHONEOS_DEPLOYMENT_TARGET = 12.1;
				LD_RUNPATH_SEARCH_PATHS = "$(inherited) @executable_path/Frameworks @loader_path/Frameworks";
				MTL_FAST_MATH = YES;
				PRODUCT_BUNDLE_IDENTIFIER = "com.dany.Beayty-AddictTests";
				PRODUCT_NAME = "$(TARGET_NAME)";
				SWIFT_VERSION = 4.2;
				TARGETED_DEVICE_FAMILY = "1,2";
				TEST_HOST = "$(BUILT_PRODUCTS_DIR)/Beayty Addict.app/Beayty Addict";
			};
			name = Release;
		};
/* End XCBuildConfiguration section */

/* Begin XCConfigurationList section */
		105ED61520BC4E010058C68D /* Build configuration list for PBXProject "Beayty Addict" */ = {
			isa = XCConfigurationList;
			buildConfigurations = (
				105ED62C20BC4E010058C68D /* Debug */,
				105ED62D20BC4E010058C68D /* Release */,
			);
			defaultConfigurationIsVisible = 0;
			defaultConfigurationName = Release;
		};
		105ED62E20BC4E010058C68D /* Build configuration list for PBXNativeTarget "Beayty Addict" */ = {
			isa = XCConfigurationList;
			buildConfigurations = (
				105ED62F20BC4E010058C68D /* Debug */,
				105ED63020BC4E010058C68D /* Release */,
			);
			defaultConfigurationIsVisible = 0;
			defaultConfigurationName = Release;
		};
		9FACA6EA21D02E5A00606A50 /* Build configuration list for PBXNativeTarget "Beayty AddictTests" */ = {
			isa = XCConfigurationList;
			buildConfigurations = (
				9FACA6EB21D02E5A00606A50 /* Debug */,
				9FACA6EC21D02E5A00606A50 /* Release */,
			);
			defaultConfigurationIsVisible = 0;
			defaultConfigurationName = Release;
		};
/* End XCConfigurationList section */
	};
	rootObject = 105ED61220BC4E010058C68D /* Project object */;
}
